
Microsoft Visual Studio Solution File, Format Version 12.00
Project("{FAE04EC0-301F-11D3-BF4B-00C04F79EFBC}") = "Primzahlen_nicht_parallel", "Primzahlen_nicht_parallel\Primzahlen_nicht_parallel.csproj", "{7219E6F0-E271-4624-9E3A-5676385F21E5}"
EndProject
Project("{FAE04EC0-301F-11D3-BF4B-00C04F79EFBC}") = "Threading", "Threading\Threading.csproj", "{B5EAB3BD-6FC9-44D2-8B04-84F7C98505BE}"
EndProject
Project("{FAE04EC0-301F-11D3-BF4B-00C04F79EFBC}") = "Primzahlen_mit_2_Threads", "Primzahlen_mit_2_Threads\Primzahlen_mit_2_Threads.csproj", "{72E7604C-1DCD-4471-AE3A-E15C17D5DA5C}"
EndProject
Project("{FAE04EC0-301F-11D3-BF4B-00C04F79EFBC}") = "Primzahlen_mit_4_Threads", "Primzahlen_mit_4_Threads\Primzahlen_mit_4_Threads.csproj", "{964CC42A-4FD6-4C7A-9511-6E9F2B96E021}"
EndProject
Project("{FAE04EC0-301F-11D3-BF4B-00C04F79EFBC}") = "Primzahlen_mit_variablen_Threads", "Primzahlen_mit_variablen_Threads\Primzahlen_mit_variablen_Threads.csproj", "{992DDC86-A7AC-4FA5-80FF-E3C38F47B828}"
EndProject
Project("{FAE04EC0-301F-11D3-BF4B-00C04F79EFBC}") = "Race Condition", "Race Condition\Race Condition.csproj", "{E5E2D4D1-7DC3-4DB9-9816-B657C22EB667}"
EndProject
Project("{FAE04EC0-301F-11D3-BF4B-00C04F79EFBC}") = "PingPong", "PingPong\PingPong.csproj", "{337DD7AA-E61E-4D60-89EE-64E9C5D1DC12}"
EndProject
Project("{FAE04EC0-301F-11D3-BF4B-00C04F79EFBC}") = "PingPong_Semaphore", "PingPong_Semaphore\PingPong_Semaphore.csproj", "{3EC0D992-721B-4E8A-956F-B2B95F1EEBCF}"
EndProject
Project("{FAE04EC0-301F-11D3-BF4B-00C04F79EFBC}") = "Ringerl", "Ringerl\Ringerl.csproj", "{A47E5FC6-E1B7-4A08-9281-A3ED242DF59F}"
EndProject
Project("{FAE04EC0-301F-11D3-BF4B-00C04F79EFBC}") = "PingPong_Lock", "PingPong_Lock\PingPong_Lock.csproj", "{F75813E2-DDAB-4561-8A2F-F8714B77CDD9}"
EndProject
Project("{FAE04EC0-301F-11D3-BF4B-00C04F79EFBC}") = "Eisenbahn", "Eisenbahn\Eisenbahn.csproj", "{48180012-411A-4C12-851F-C0AED89312F5}"
EndProject
Project("{FAE04EC0-301F-11D3-BF4B-00C04F79EFBC}") = "Eisenbahn_ObserverPattern", "Eisenbahn_ObserverPattern\Eisenbahn_ObserverPattern.csproj", "{898ECCC7-A95A-4C6E-85C5-F36DBB6CD94F}"
EndProject
Project("{FAE04EC0-301F-11D3-BF4B-00C04F79EFBC}") = "Eisenbahn_Events", "Eisenbahn_Events\Eisenbahn_Events.csproj", "{5CC40D8A-CBC0-403F-9FF1-9998BA8B9B99}"
EndProject
Project("{FAE04EC0-301F-11D3-BF4B-00C04F79EFBC}") = "Eisenbahn_KI", "Eisenbahn_KI\Eisenbahn_KI.csproj", "{032B4235-A483-4FA8-BA1E-2B88DD00F658}"
EndProject
Project("{FAE04EC0-301F-11D3-BF4B-00C04F79EFBC}") = "Sieb_des_Eratosthenes", "Sieb_des_Eratosthenes\Sieb_des_Eratosthenes.csproj", "{14C38E33-ABAD-4470-9350-4B8E90DE44A0}"
EndProject
Project("{FAE04EC0-301F-11D3-BF4B-00C04F79EFBC}") = "Sieb_des_Eratosthenes_Blazor", "Sieb_des_Eratosthenes_Blazor\Sieb_des_Eratosthenes_Blazor.csproj", "{1B09C8CD-941D-45B5-A6D8-3C6EFFBD9A33}"
EndProject
Project("{FAE04EC0-301F-11D3-BF4B-00C04F79EFBC}") = "Sieb_des_Eratosthenes_WebAssembly", "Sieb_des_Eratosthenes_WebAssembly\Sieb_des_Eratosthenes_WebAssembly.csproj", "{96036548-FFF7-44C7-8C20-00ABC24B7DA7}"
EndProject
Project("{FAE04EC0-301F-11D3-BF4B-00C04F79EFBC}") = "ThreadSynchronisation", "ThreadSynchronisation\ThreadSynchronisation.csproj", "{46ED1632-E279-4F65-8557-95CF5DAE823A}"
EndProject
Project("{FAE04EC0-301F-11D3-BF4B-00C04F79EFBC}") = "Crane_Blazor", "Crane_Blazor\Crane_Blazor.csproj", "{4FB91BFF-49CA-4DA3-9021-7087EE81B2B7}"
EndProject
Global
	GlobalSection(SolutionConfigurationPlatforms) = preSolution
		Debug|Any CPU = Debug|Any CPU
		Release|Any CPU = Release|Any CPU
	EndGlobalSection
	GlobalSection(ProjectConfigurationPlatforms) = postSolution
		{7219E6F0-E271-4624-9E3A-5676385F21E5}.Debug|Any CPU.ActiveCfg = Debug|Any CPU
		{7219E6F0-E271-4624-9E3A-5676385F21E5}.Debug|Any CPU.Build.0 = Debug|Any CPU
		{7219E6F0-E271-4624-9E3A-5676385F21E5}.Release|Any CPU.ActiveCfg = Release|Any CPU
		{7219E6F0-E271-4624-9E3A-5676385F21E5}.Release|Any CPU.Build.0 = Release|Any CPU
		{B5EAB3BD-6FC9-44D2-8B04-84F7C98505BE}.Debug|Any CPU.ActiveCfg = Debug|Any CPU
		{B5EAB3BD-6FC9-44D2-8B04-84F7C98505BE}.Debug|Any CPU.Build.0 = Debug|Any CPU
		{B5EAB3BD-6FC9-44D2-8B04-84F7C98505BE}.Release|Any CPU.ActiveCfg = Release|Any CPU
		{B5EAB3BD-6FC9-44D2-8B04-84F7C98505BE}.Release|Any CPU.Build.0 = Release|Any CPU
		{72E7604C-1DCD-4471-AE3A-E15C17D5DA5C}.Debug|Any CPU.ActiveCfg = Debug|Any CPU
		{72E7604C-1DCD-4471-AE3A-E15C17D5DA5C}.Debug|Any CPU.Build.0 = Debug|Any CPU
		{72E7604C-1DCD-4471-AE3A-E15C17D5DA5C}.Release|Any CPU.ActiveCfg = Release|Any CPU
		{72E7604C-1DCD-4471-AE3A-E15C17D5DA5C}.Release|Any CPU.Build.0 = Release|Any CPU
		{964CC42A-4FD6-4C7A-9511-6E9F2B96E021}.Debug|Any CPU.ActiveCfg = Debug|Any CPU
		{964CC42A-4FD6-4C7A-9511-6E9F2B96E021}.Debug|Any CPU.Build.0 = Debug|Any CPU
		{964CC42A-4FD6-4C7A-9511-6E9F2B96E021}.Release|Any CPU.ActiveCfg = Release|Any CPU
		{964CC42A-4FD6-4C7A-9511-6E9F2B96E021}.Release|Any CPU.Build.0 = Release|Any CPU
		{992DDC86-A7AC-4FA5-80FF-E3C38F47B828}.Debug|Any CPU.ActiveCfg = Debug|Any CPU
		{992DDC86-A7AC-4FA5-80FF-E3C38F47B828}.Debug|Any CPU.Build.0 = Debug|Any CPU
		{992DDC86-A7AC-4FA5-80FF-E3C38F47B828}.Release|Any CPU.ActiveCfg = Release|Any CPU
		{992DDC86-A7AC-4FA5-80FF-E3C38F47B828}.Release|Any CPU.Build.0 = Release|Any CPU
		{E5E2D4D1-7DC3-4DB9-9816-B657C22EB667}.Debug|Any CPU.ActiveCfg = Debug|Any CPU
		{E5E2D4D1-7DC3-4DB9-9816-B657C22EB667}.Debug|Any CPU.Build.0 = Debug|Any CPU
		{E5E2D4D1-7DC3-4DB9-9816-B657C22EB667}.Release|Any CPU.ActiveCfg = Release|Any CPU
		{E5E2D4D1-7DC3-4DB9-9816-B657C22EB667}.Release|Any CPU.Build.0 = Release|Any CPU
		{337DD7AA-E61E-4D60-89EE-64E9C5D1DC12}.Debug|Any CPU.ActiveCfg = Debug|Any CPU
		{337DD7AA-E61E-4D60-89EE-64E9C5D1DC12}.Debug|Any CPU.Build.0 = Debug|Any CPU
		{337DD7AA-E61E-4D60-89EE-64E9C5D1DC12}.Release|Any CPU.ActiveCfg = Release|Any CPU
		{337DD7AA-E61E-4D60-89EE-64E9C5D1DC12}.Release|Any CPU.Build.0 = Release|Any CPU
		{3EC0D992-721B-4E8A-956F-B2B95F1EEBCF}.Debug|Any CPU.ActiveCfg = Debug|Any CPU
		{3EC0D992-721B-4E8A-956F-B2B95F1EEBCF}.Debug|Any CPU.Build.0 = Debug|Any CPU
		{3EC0D992-721B-4E8A-956F-B2B95F1EEBCF}.Release|Any CPU.ActiveCfg = Release|Any CPU
		{3EC0D992-721B-4E8A-956F-B2B95F1EEBCF}.Release|Any CPU.Build.0 = Release|Any CPU
		{A47E5FC6-E1B7-4A08-9281-A3ED242DF59F}.Debug|Any CPU.ActiveCfg = Debug|Any CPU
		{A47E5FC6-E1B7-4A08-9281-A3ED242DF59F}.Debug|Any CPU.Build.0 = Debug|Any CPU
		{A47E5FC6-E1B7-4A08-9281-A3ED242DF59F}.Release|Any CPU.ActiveCfg = Release|Any CPU
		{A47E5FC6-E1B7-4A08-9281-A3ED242DF59F}.Release|Any CPU.Build.0 = Release|Any CPU
		{F75813E2-DDAB-4561-8A2F-F8714B77CDD9}.Debug|Any CPU.ActiveCfg = Debug|Any CPU
		{F75813E2-DDAB-4561-8A2F-F8714B77CDD9}.Debug|Any CPU.Build.0 = Debug|Any CPU
		{F75813E2-DDAB-4561-8A2F-F8714B77CDD9}.Release|Any CPU.ActiveCfg = Release|Any CPU
		{F75813E2-DDAB-4561-8A2F-F8714B77CDD9}.Release|Any CPU.Build.0 = Release|Any CPU
		{48180012-411A-4C12-851F-C0AED89312F5}.Debug|Any CPU.ActiveCfg = Debug|Any CPU
		{48180012-411A-4C12-851F-C0AED89312F5}.Debug|Any CPU.Build.0 = Debug|Any CPU
		{48180012-411A-4C12-851F-C0AED89312F5}.Release|Any CPU.ActiveCfg = Release|Any CPU
		{48180012-411A-4C12-851F-C0AED89312F5}.Release|Any CPU.Build.0 = Release|Any CPU
		{898ECCC7-A95A-4C6E-85C5-F36DBB6CD94F}.Debug|Any CPU.ActiveCfg = Debug|Any CPU
		{898ECCC7-A95A-4C6E-85C5-F36DBB6CD94F}.Debug|Any CPU.Build.0 = Debug|Any CPU
		{898ECCC7-A95A-4C6E-85C5-F36DBB6CD94F}.Release|Any CPU.ActiveCfg = Release|Any CPU
		{898ECCC7-A95A-4C6E-85C5-F36DBB6CD94F}.Release|Any CPU.Build.0 = Release|Any CPU
		{5CC40D8A-CBC0-403F-9FF1-9998BA8B9B99}.Debug|Any CPU.ActiveCfg = Debug|Any CPU
		{5CC40D8A-CBC0-403F-9FF1-9998BA8B9B99}.Debug|Any CPU.Build.0 = Debug|Any CPU
		{5CC40D8A-CBC0-403F-9FF1-9998BA8B9B99}.Release|Any CPU.ActiveCfg = Release|Any CPU
		{5CC40D8A-CBC0-403F-9FF1-9998BA8B9B99}.Release|Any CPU.Build.0 = Release|Any CPU
		{032B4235-A483-4FA8-BA1E-2B88DD00F658}.Debug|Any CPU.ActiveCfg = Debug|Any CPU
		{032B4235-A483-4FA8-BA1E-2B88DD00F658}.Debug|Any CPU.Build.0 = Debug|Any CPU
		{032B4235-A483-4FA8-BA1E-2B88DD00F658}.Release|Any CPU.ActiveCfg = Release|Any CPU
		{032B4235-A483-4FA8-BA1E-2B88DD00F658}.Release|Any CPU.Build.0 = Release|Any CPU
		{14C38E33-ABAD-4470-9350-4B8E90DE44A0}.Debug|Any CPU.ActiveCfg = Debug|Any CPU
		{14C38E33-ABAD-4470-9350-4B8E90DE44A0}.Debug|Any CPU.Build.0 = Debug|Any CPU
		{14C38E33-ABAD-4470-9350-4B8E90DE44A0}.Release|Any CPU.ActiveCfg = Release|Any CPU
		{14C38E33-ABAD-4470-9350-4B8E90DE44A0}.Release|Any CPU.Build.0 = Release|Any CPU
		{1B09C8CD-941D-45B5-A6D8-3C6EFFBD9A33}.Debug|Any CPU.ActiveCfg = Debug|Any CPU
		{1B09C8CD-941D-45B5-A6D8-3C6EFFBD9A33}.Debug|Any CPU.Build.0 = Debug|Any CPU
		{1B09C8CD-941D-45B5-A6D8-3C6EFFBD9A33}.Release|Any CPU.ActiveCfg = Release|Any CPU
		{1B09C8CD-941D-45B5-A6D8-3C6EFFBD9A33}.Release|Any CPU.Build.0 = Release|Any CPU
		{96036548-FFF7-44C7-8C20-00ABC24B7DA7}.Debug|Any CPU.ActiveCfg = Debug|Any CPU
		{96036548-FFF7-44C7-8C20-00ABC24B7DA7}.Debug|Any CPU.Build.0 = Debug|Any CPU
		{96036548-FFF7-44C7-8C20-00ABC24B7DA7}.Release|Any CPU.ActiveCfg = Release|Any CPU
		{96036548-FFF7-44C7-8C20-00ABC24B7DA7}.Release|Any CPU.Build.0 = Release|Any CPU
		{46ED1632-E279-4F65-8557-95CF5DAE823A}.Debug|Any CPU.ActiveCfg = Debug|Any CPU
		{46ED1632-E279-4F65-8557-95CF5DAE823A}.Debug|Any CPU.Build.0 = Debug|Any CPU
		{46ED1632-E279-4F65-8557-95CF5DAE823A}.Release|Any CPU.ActiveCfg = Release|Any CPU
		{46ED1632-E279-4F65-8557-95CF5DAE823A}.Release|Any CPU.Build.0 = Release|Any CPU
		{4FB91BFF-49CA-4DA3-9021-7087EE81B2B7}.Debug|Any CPU.ActiveCfg = Debug|Any CPU
		{4FB91BFF-49CA-4DA3-9021-7087EE81B2B7}.Debug|Any CPU.Build.0 = Debug|Any CPU
		{4FB91BFF-49CA-4DA3-9021-7087EE81B2B7}.Release|Any CPU.ActiveCfg = Release|Any CPU
		{4FB91BFF-49CA-4DA3-9021-7087EE81B2B7}.Release|Any CPU.Build.0 = Release|Any CPU
	EndGlobalSection
EndGlobal
